
Microsoft Visual Studio Solution File, Format Version 12.00
# Visual Studio 15
VisualStudioVersion = 15.0.28307.438
MinimumVisualStudioVersion = 10.0.40219.1
Project("{2150E333-8FDC-42A3-9474-1A3956D46DE8}") = "src", "src", "{5230D1A0-0A27-459A-ADEF-6A6BFFED894D}"
EndProject
Project("{9A19103F-16F7-4668-BE54-9A1E7A4F7556}") = "Microsoft.AspNetCore.SpaServices.Extensions.VueCli", "Microsoft.AspNetCore.SpaServices.Extensions.VueCli\Microsoft.AspNetCore.SpaServices.Extensions.VueCli.csproj", "{DBB3518D-0492-41BE-95D0-94EBE5E92AF5}"
EndProject
Project("{9A19103F-16F7-4668-BE54-9A1E7A4F7556}") = "VueTest", "VueTest\VueTest.csproj", "{C041598A-9C23-4F86-8A77-FD49D88F70A3}"
EndProject
Global
	GlobalSection(SolutionConfigurationPlatforms) = preSolution
		Debug|Any CPU = Debug|Any CPU
		Release|Any CPU = Release|Any CPU
	EndGlobalSection
	GlobalSection(ProjectConfigurationPlatforms) = postSolution
		{DBB3518D-0492-41BE-95D0-94EBE5E92AF5}.Debug|Any CPU.ActiveCfg = Debug|Any CPU
		{DBB3518D-0492-41BE-95D0-94EBE5E92AF5}.Debug|Any CPU.Build.0 = Debug|Any CPU
		{DBB3518D-0492-41BE-95D0-94EBE5E92AF5}.Release|Any CPU.ActiveCfg = Release|Any CPU
		{DBB3518D-0492-41BE-95D0-94EBE5E92AF5}.Release|Any CPU.Build.0 = Release|Any CPU
		{C041598A-9C23-4F86-8A77-FD49D88F70A3}.Debug|Any CPU.ActiveCfg = Debug|Any CPU
		{C041598A-9C23-4F86-8A77-FD49D88F70A3}.Debug|Any CPU.Build.0 = Debug|Any CPU
		{C041598A-9C23-4F86-8A77-FD49D88F70A3}.Release|Any CPU.ActiveCfg = Release|Any CPU
		{C041598A-9C23-4F86-8A77-FD49D88F70A3}.Release|Any CPU.Build.0 = Release|Any CPU
	EndGlobalSection
	GlobalSection(SolutionProperties) = preSolution
		HideSolutionNode = FALSE
	EndGlobalSection
	GlobalSection(NestedProjects) = preSolution
		{DBB3518D-0492-41BE-95D0-94EBE5E92AF5} = {5230D1A0-0A27-459A-ADEF-6A6BFFED894D}
	EndGlobalSection
	GlobalSection(ExtensibilityGlobals) = postSolution
		SolutionGuid = {E7AEA470-B8FB-4C97-8A6A-4B7EBB34949B}
	EndGlobalSection
EndGlobal
